# This file is automatically @generated by Cargo.
# It is not intended for manual editing.
version = 4

[[package]]
name = "abada"
version = "0.0.1"

[[package]]
name = "abada-build"
version = "0.0.1"
dependencies = [
 "abada-codegen",
]

[[package]]
name = "abada-codegen"
version = "0.0.1"

[[package]]
name = "protoc-gen-abada"
version = "0.0.1"
dependencies = [
 "abada-codegen",
]
